
Microsoft Visual Studio Solution File, Format Version 12.00
# Visual Studio 15
VisualStudioVersion = 15.0.26124.0
MinimumVisualStudioVersion = 15.0.26124.0
Project("{FAE04EC0-301F-11D3-BF4B-00C04F79EFBC}") = "Puffin.CommandLineInterface", "Puffin.CommandLineInterface\Puffin.CommandLineInterface.csproj", "{BA2AAA54-7682-4CAD-BF79-BD597422EBEF}"
EndProject
Project("{FAE04EC0-301F-11D3-BF4B-00C04F79EFBC}") = "Puffin.CommandLineInterface.UnitTests", "Puffin.CommandLineInterface.UnitTests\Puffin.CommandLineInterface.UnitTests.csproj", "{B8476ED6-595A-4FB9-B738-846FF5F2273D}"
EndProject
Project("{FAE04EC0-301F-11D3-BF4B-00C04F79EFBC}") = "Puffin.Core", "Puffin.Core\Puffin.Core.csproj", "{62C0B50F-195F-41BB-B79C-87E1872B0026}"
EndProject
Project("{FAE04EC0-301F-11D3-BF4B-00C04F79EFBC}") = "Puffin.Core.UnitTests", "Puffin.Core.UnitTests\Puffin.Core.UnitTests.csproj", "{7CA73886-624F-4442-BD5A-E1955D3A61AC}"
EndProject
Project("{FAE04EC0-301F-11D3-BF4B-00C04F79EFBC}") = "Puffin.Infrastructure.MonoGame", "Puffin.Infrastructure.MonoGame\Puffin.Infrastructure.MonoGame.csproj", "{3BF349A2-C548-400C-9821-1BBCF901728E}"
EndProject
Project("{2150E333-8FDC-42A3-9474-1A3956D46DE8}") = "Templates", "Templates", "{16945E8F-3F0A-4E2B-92FE-2389563EA0D5}"
EndProject
Project("{FAE04EC0-301F-11D3-BF4B-00C04F79EFBC}") = "MyGame", "Templates\MonoGame\MyGame.csproj", "{61382389-B80A-4AA9-8B5A-94CAB9C94589}"
EndProject
Project("{FAE04EC0-301F-11D3-BF4B-00C04F79EFBC}") = "Puffin.UI", "Puffin.UI\Puffin.UI.csproj", "{E134AC19-9B77-432F-9C38-A40559FC9552}"
EndProject
Project("{FAE04EC0-301F-11D3-BF4B-00C04F79EFBC}") = "Puffin.UI.UnitTests", "Puffin.UI.UnitTests\Puffin.UI.UnitTests.csproj", "{0A802F43-0BAC-4F94-9E79-06A0B73C7D0B}"
EndProject
Global
	GlobalSection(SolutionConfigurationPlatforms) = preSolution
		Debug|Any CPU = Debug|Any CPU
		Debug|x64 = Debug|x64
		Debug|x86 = Debug|x86
		Release|Any CPU = Release|Any CPU
		Release|x64 = Release|x64
		Release|x86 = Release|x86
	EndGlobalSection
	GlobalSection(SolutionProperties) = preSolution
		HideSolutionNode = FALSE
	EndGlobalSection
	GlobalSection(ProjectConfigurationPlatforms) = postSolution
		{BA2AAA54-7682-4CAD-BF79-BD597422EBEF}.Debug|Any CPU.ActiveCfg = Debug|Any CPU
		{BA2AAA54-7682-4CAD-BF79-BD597422EBEF}.Debug|Any CPU.Build.0 = Debug|Any CPU
		{BA2AAA54-7682-4CAD-BF79-BD597422EBEF}.Debug|x64.ActiveCfg = Debug|Any CPU
		{BA2AAA54-7682-4CAD-BF79-BD597422EBEF}.Debug|x64.Build.0 = Debug|Any CPU
		{BA2AAA54-7682-4CAD-BF79-BD597422EBEF}.Debug|x86.ActiveCfg = Debug|Any CPU
		{BA2AAA54-7682-4CAD-BF79-BD597422EBEF}.Debug|x86.Build.0 = Debug|Any CPU
		{BA2AAA54-7682-4CAD-BF79-BD597422EBEF}.Release|Any CPU.ActiveCfg = Release|Any CPU
		{BA2AAA54-7682-4CAD-BF79-BD597422EBEF}.Release|Any CPU.Build.0 = Release|Any CPU
		{BA2AAA54-7682-4CAD-BF79-BD597422EBEF}.Release|x64.ActiveCfg = Release|Any CPU
		{BA2AAA54-7682-4CAD-BF79-BD597422EBEF}.Release|x64.Build.0 = Release|Any CPU
		{BA2AAA54-7682-4CAD-BF79-BD597422EBEF}.Release|x86.ActiveCfg = Release|Any CPU
		{BA2AAA54-7682-4CAD-BF79-BD597422EBEF}.Release|x86.Build.0 = Release|Any CPU
		{B8476ED6-595A-4FB9-B738-846FF5F2273D}.Debug|Any CPU.ActiveCfg = Debug|Any CPU
		{B8476ED6-595A-4FB9-B738-846FF5F2273D}.Debug|Any CPU.Build.0 = Debug|Any CPU
		{B8476ED6-595A-4FB9-B738-846FF5F2273D}.Debug|x64.ActiveCfg = Debug|Any CPU
		{B8476ED6-595A-4FB9-B738-846FF5F2273D}.Debug|x64.Build.0 = Debug|Any CPU
		{B8476ED6-595A-4FB9-B738-846FF5F2273D}.Debug|x86.ActiveCfg = Debug|Any CPU
		{B8476ED6-595A-4FB9-B738-846FF5F2273D}.Debug|x86.Build.0 = Debug|Any CPU
		{B8476ED6-595A-4FB9-B738-846FF5F2273D}.Release|Any CPU.ActiveCfg = Release|Any CPU
		{B8476ED6-595A-4FB9-B738-846FF5F2273D}.Release|Any CPU.Build.0 = Release|Any CPU
		{B8476ED6-595A-4FB9-B738-846FF5F2273D}.Release|x64.ActiveCfg = Release|Any CPU
		{B8476ED6-595A-4FB9-B738-846FF5F2273D}.Release|x64.Build.0 = Release|Any CPU
		{B8476ED6-595A-4FB9-B738-846FF5F2273D}.Release|x86.ActiveCfg = Release|Any CPU
		{B8476ED6-595A-4FB9-B738-846FF5F2273D}.Release|x86.Build.0 = Release|Any CPU
		{62C0B50F-195F-41BB-B79C-87E1872B0026}.Debug|Any CPU.ActiveCfg = Debug|Any CPU
		{62C0B50F-195F-41BB-B79C-87E1872B0026}.Debug|Any CPU.Build.0 = Debug|Any CPU
		{62C0B50F-195F-41BB-B79C-87E1872B0026}.Debug|x64.ActiveCfg = Debug|Any CPU
		{62C0B50F-195F-41BB-B79C-87E1872B0026}.Debug|x64.Build.0 = Debug|Any CPU
		{62C0B50F-195F-41BB-B79C-87E1872B0026}.Debug|x86.ActiveCfg = Debug|Any CPU
		{62C0B50F-195F-41BB-B79C-87E1872B0026}.Debug|x86.Build.0 = Debug|Any CPU
		{62C0B50F-195F-41BB-B79C-87E1872B0026}.Release|Any CPU.ActiveCfg = Release|Any CPU
		{62C0B50F-195F-41BB-B79C-87E1872B0026}.Release|Any CPU.Build.0 = Release|Any CPU
		{62C0B50F-195F-41BB-B79C-87E1872B0026}.Release|x64.ActiveCfg = Release|Any CPU
		{62C0B50F-195F-41BB-B79C-87E1872B0026}.Release|x64.Build.0 = Release|Any CPU
		{62C0B50F-195F-41BB-B79C-87E1872B0026}.Release|x86.ActiveCfg = Release|Any CPU
		{62C0B50F-195F-41BB-B79C-87E1872B0026}.Release|x86.Build.0 = Release|Any CPU
		{7CA73886-624F-4442-BD5A-E1955D3A61AC}.Debug|Any CPU.ActiveCfg = Debug|Any CPU
		{7CA73886-624F-4442-BD5A-E1955D3A61AC}.Debug|Any CPU.Build.0 = Debug|Any CPU
		{7CA73886-624F-4442-BD5A-E1955D3A61AC}.Debug|x64.ActiveCfg = Debug|Any CPU
		{7CA73886-624F-4442-BD5A-E1955D3A61AC}.Debug|x64.Build.0 = Debug|Any CPU
		{7CA73886-624F-4442-BD5A-E1955D3A61AC}.Debug|x86.ActiveCfg = Debug|Any CPU
		{7CA73886-624F-4442-BD5A-E1955D3A61AC}.Debug|x86.Build.0 = Debug|Any CPU
		{7CA73886-624F-4442-BD5A-E1955D3A61AC}.Release|Any CPU.ActiveCfg = Release|Any CPU
		{7CA73886-624F-4442-BD5A-E1955D3A61AC}.Release|Any CPU.Build.0 = Release|Any CPU
		{7CA73886-624F-4442-BD5A-E1955D3A61AC}.Release|x64.ActiveCfg = Release|Any CPU
		{7CA73886-624F-4442-BD5A-E1955D3A61AC}.Release|x64.Build.0 = Release|Any CPU
		{7CA73886-624F-4442-BD5A-E1955D3A61AC}.Release|x86.ActiveCfg = Release|Any CPU
		{7CA73886-624F-4442-BD5A-E1955D3A61AC}.Release|x86.Build.0 = Release|Any CPU
		{3BF349A2-C548-400C-9821-1BBCF901728E}.Debug|Any CPU.ActiveCfg = Debug|Any CPU
		{3BF349A2-C548-400C-9821-1BBCF901728E}.Debug|Any CPU.Build.0 = Debug|Any CPU
		{3BF349A2-C548-400C-9821-1BBCF901728E}.Debug|x64.ActiveCfg = Debug|Any CPU
		{3BF349A2-C548-400C-9821-1BBCF901728E}.Debug|x64.Build.0 = Debug|Any CPU
		{3BF349A2-C548-400C-9821-1BBCF901728E}.Debug|x86.ActiveCfg = Debug|Any CPU
		{3BF349A2-C548-400C-9821-1BBCF901728E}.Debug|x86.Build.0 = Debug|Any CPU
		{3BF349A2-C548-400C-9821-1BBCF901728E}.Release|Any CPU.ActiveCfg = Release|Any CPU
		{3BF349A2-C548-400C-9821-1BBCF901728E}.Release|Any CPU.Build.0 = Release|Any CPU
		{3BF349A2-C548-400C-9821-1BBCF901728E}.Release|x64.ActiveCfg = Release|Any CPU
		{3BF349A2-C548-400C-9821-1BBCF901728E}.Release|x64.Build.0 = Release|Any CPU
		{3BF349A2-C548-400C-9821-1BBCF901728E}.Release|x86.ActiveCfg = Release|Any CPU
		{3BF349A2-C548-400C-9821-1BBCF901728E}.Release|x86.Build.0 = Release|Any CPU
		{61382389-B80A-4AA9-8B5A-94CAB9C94589}.Debug|Any CPU.ActiveCfg = Debug|Any CPU
		{61382389-B80A-4AA9-8B5A-94CAB9C94589}.Debug|Any CPU.Build.0 = Debug|Any CPU
		{61382389-B80A-4AA9-8B5A-94CAB9C94589}.Debug|x64.ActiveCfg = Debug|Any CPU
		{61382389-B80A-4AA9-8B5A-94CAB9C94589}.Debug|x64.Build.0 = Debug|Any CPU
		{61382389-B80A-4AA9-8B5A-94CAB9C94589}.Debug|x86.ActiveCfg = Debug|Any CPU
		{61382389-B80A-4AA9-8B5A-94CAB9C94589}.Debug|x86.Build.0 = Debug|Any CPU
		{61382389-B80A-4AA9-8B5A-94CAB9C94589}.Release|Any CPU.ActiveCfg = Release|Any CPU
		{61382389-B80A-4AA9-8B5A-94CAB9C94589}.Release|Any CPU.Build.0 = Release|Any CPU
		{61382389-B80A-4AA9-8B5A-94CAB9C94589}.Release|x64.ActiveCfg = Release|Any CPU
		{61382389-B80A-4AA9-8B5A-94CAB9C94589}.Release|x64.Build.0 = Release|Any CPU
		{61382389-B80A-4AA9-8B5A-94CAB9C94589}.Release|x86.ActiveCfg = Release|Any CPU
		{61382389-B80A-4AA9-8B5A-94CAB9C94589}.Release|x86.Build.0 = Release|Any CPU
		{E134AC19-9B77-432F-9C38-A40559FC9552}.Debug|Any CPU.ActiveCfg = Debug|Any CPU
		{E134AC19-9B77-432F-9C38-A40559FC9552}.Debug|Any CPU.Build.0 = Debug|Any CPU
		{E134AC19-9B77-432F-9C38-A40559FC9552}.Debug|x64.ActiveCfg = Debug|Any CPU
		{E134AC19-9B77-432F-9C38-A40559FC9552}.Debug|x64.Build.0 = Debug|Any CPU
		{E134AC19-9B77-432F-9C38-A40559FC9552}.Debug|x86.ActiveCfg = Debug|Any CPU
		{E134AC19-9B77-432F-9C38-A40559FC9552}.Debug|x86.Build.0 = Debug|Any CPU
		{E134AC19-9B77-432F-9C38-A40559FC9552}.Release|Any CPU.ActiveCfg = Release|Any CPU
		{E134AC19-9B77-432F-9C38-A40559FC9552}.Release|Any CPU.Build.0 = Release|Any CPU
		{E134AC19-9B77-432F-9C38-A40559FC9552}.Release|x64.ActiveCfg = Release|Any CPU
		{E134AC19-9B77-432F-9C38-A40559FC9552}.Release|x64.Build.0 = Release|Any CPU
		{E134AC19-9B77-432F-9C38-A40559FC9552}.Release|x86.ActiveCfg = Release|Any CPU
		{E134AC19-9B77-432F-9C38-A40559FC9552}.Release|x86.Build.0 = Release|Any CPU
		{0A802F43-0BAC-4F94-9E79-06A0B73C7D0B}.Debug|Any CPU.ActiveCfg = Debug|Any CPU
		{0A802F43-0BAC-4F94-9E79-06A0B73C7D0B}.Debug|Any CPU.Build.0 = Debug|Any CPU
		{0A802F43-0BAC-4F94-9E79-06A0B73C7D0B}.Debug|x64.ActiveCfg = Debug|Any CPU
		{0A802F43-0BAC-4F94-9E79-06A0B73C7D0B}.Debug|x64.Build.0 = Debug|Any CPU
		{0A802F43-0BAC-4F94-9E79-06A0B73C7D0B}.Debug|x86.ActiveCfg = Debug|Any CPU
		{0A802F43-0BAC-4F94-9E79-06A0B73C7D0B}.Debug|x86.Build.0 = Debug|Any CPU
		{0A802F43-0BAC-4F94-9E79-06A0B73C7D0B}.Release|Any CPU.ActiveCfg = Release|Any CPU
		{0A802F43-0BAC-4F94-9E79-06A0B73C7D0B}.Release|Any CPU.Build.0 = Release|Any CPU
		{0A802F43-0BAC-4F94-9E79-06A0B73C7D0B}.Release|x64.ActiveCfg = Release|Any CPU
		{0A802F43-0BAC-4F94-9E79-06A0B73C7D0B}.Release|x64.Build.0 = Release|Any CPU
		{0A802F43-0BAC-4F94-9E79-06A0B73C7D0B}.Release|x86.ActiveCfg = Release|Any CPU
		{0A802F43-0BAC-4F94-9E79-06A0B73C7D0B}.Release|x86.Build.0 = Release|Any CPU
	EndGlobalSection
	GlobalSection(NestedProjects) = preSolution
		{61382389-B80A-4AA9-8B5A-94CAB9C94589} = {16945E8F-3F0A-4E2B-92FE-2389563EA0D5}
	EndGlobalSection
EndGlobal
